
Microsoft Visual Studio Solution File, Format Version 12.00
# Visual Studio 14
VisualStudioVersion = 14.0.25420.1
MinimumVisualStudioVersion = 10.0.40219.1
Project("{FAE04EC0-301F-11D3-BF4B-00C04F79EFBC}") = "QnrlCodeChallenge", "QnrlCodeChallenge\QnrlCodeChallenge.csproj", "{61272145-37E4-40E1-B5C5-A7D4F1171FBA}"
EndProject
Project("{FAE04EC0-301F-11D3-BF4B-00C04F79EFBC}") = "EncryptionExampleWinForm", "EncryptionExample\EncryptionExampleWinForm.csproj", "{34519021-5C9F-4EEB-83BE-5002B3C473ED}"
EndProject
Project("{00D1A9C2-B5F0-4AF3-8072-F6C62B433612}") = "QnrlCodeDB", "QnrlCodeDB\QnrlCodeDB.sqlproj", "{F1C93461-4DC2-40CB-8BA3-BEF5BB5FB45F}"
EndProject
Global
	GlobalSection(SolutionConfigurationPlatforms) = preSolution
		Debug|Any CPU = Debug|Any CPU
		Release|Any CPU = Release|Any CPU
	EndGlobalSection
	GlobalSection(ProjectConfigurationPlatforms) = postSolution
		{61272145-37E4-40E1-B5C5-A7D4F1171FBA}.Debug|Any CPU.ActiveCfg = Debug|Any CPU
		{61272145-37E4-40E1-B5C5-A7D4F1171FBA}.Debug|Any CPU.Build.0 = Debug|Any CPU
		{61272145-37E4-40E1-B5C5-A7D4F1171FBA}.Release|Any CPU.ActiveCfg = Release|Any CPU
		{61272145-37E4-40E1-B5C5-A7D4F1171FBA}.Release|Any CPU.Build.0 = Release|Any CPU
		{34519021-5C9F-4EEB-83BE-5002B3C473ED}.Debug|Any CPU.ActiveCfg = Debug|Any CPU
		{34519021-5C9F-4EEB-83BE-5002B3C473ED}.Debug|Any CPU.Build.0 = Debug|Any CPU
		{34519021-5C9F-4EEB-83BE-5002B3C473ED}.Release|Any CPU.ActiveCfg = Release|Any CPU
		{34519021-5C9F-4EEB-83BE-5002B3C473ED}.Release|Any CPU.Build.0 = Release|Any CPU
		{F1C93461-4DC2-40CB-8BA3-BEF5BB5FB45F}.Debug|Any CPU.ActiveCfg = Debug|Any CPU
		{F1C93461-4DC2-40CB-8BA3-BEF5BB5FB45F}.Debug|Any CPU.Build.0 = Debug|Any CPU
		{F1C93461-4DC2-40CB-8BA3-BEF5BB5FB45F}.Debug|Any CPU.Deploy.0 = Debug|Any CPU
		{F1C93461-4DC2-40CB-8BA3-BEF5BB5FB45F}.Release|Any CPU.ActiveCfg = Release|Any CPU
		{F1C93461-4DC2-40CB-8BA3-BEF5BB5FB45F}.Release|Any CPU.Build.0 = Release|Any CPU
		{F1C93461-4DC2-40CB-8BA3-BEF5BB5FB45F}.Release|Any CPU.Deploy.0 = Release|Any CPU
	EndGlobalSection
	GlobalSection(SolutionProperties) = preSolution
		HideSolutionNode = FALSE
	EndGlobalSection
EndGlobal
